{
  "version": 4,
  "terraform_version": "1.7.4",
  "serial": 55,
  "lineage": "868e8063-6a97-4ead-a47a-3c9459305657",
  "outputs": {},
  "resources": [
    {
      "mode": "data",
      "type": "archive_file",
      "name": "zip",
      "provider": "provider[\"registry.terraform.io/hashicorp/archive\"]",
      "instances": [
        {
          "schema_version": 0,
          "attributes": {
            "exclude_symlink_directories": null,
            "excludes": null,
            "id": "2b129628551be46567822467611066d77af3230d",
            "output_base64sha256": "B7MdAjsp4NUXQ9m42k5n4iSqvIa7LoMooAxc+J60LSg=",
            "output_base64sha512": "28WVJtiGDD0WtmQXeRGqJs1WdpRO5Z8zugRPGKdwevd1Jd1PKA1SE9i4xV4oFuEtgMaMZoAWoeRu7cEJz/kNFg==",
            "output_file_mode": null,
            "output_md5": "c6a77d8341e3a31817902a1dac971e26",
            "output_path": "./lambda/packedlambda.zip",
            "output_sha": "2b129628551be46567822467611066d77af3230d",
            "output_sha256": "07b31d023b29e0d51743d9b8da4e67e224aabc86bb2e8328a00c5cf89eb42d28",
            "output_sha512": "dbc59526d8860c3d16b664177911aa26cd5676944ee59f33ba044f18a7707af77525dd4f280d5213d8b8c55e2816e12d80c68c668016a1e46eedc109cff90d16",
            "output_size": 345,
            "source": [],
            "source_content": null,
            "source_content_filename": null,
            "source_dir": null,
            "source_file": "./lambda/func.py",
            "type": "zip"
          },
          "sensitive_attributes": []
        }
      ]
    },
    {
      "mode": "managed",
      "type": "aws_appautoscaling_policy",
      "name": "cloudresume_views_ddb_read_policy",
      "provider": "provider[\"registry.terraform.io/hashicorp/aws\"]",
      "instances": [
        {
          "schema_version": 0,
          "attributes": {
            "alarm_arns": [
              "arn:aws:cloudwatch:us-east-1:364145033736:alarm:TargetTracking-table/cloudresume_views_ddb-AlarmHigh-05e5182f-dc8d-4717-b9f8-08c18e682031",
              "arn:aws:cloudwatch:us-east-1:364145033736:alarm:TargetTracking-table/cloudresume_views_ddb-AlarmLow-aa451523-aef4-4d68-b83f-d6182e300fd5",
              "arn:aws:cloudwatch:us-east-1:364145033736:alarm:TargetTracking-table/cloudresume_views_ddb-ProvisionedCapacityHigh-5427c792-8d0c-4979-bebe-5d1c8c4c1096",
              "arn:aws:cloudwatch:us-east-1:364145033736:alarm:TargetTracking-table/cloudresume_views_ddb-ProvisionedCapacityLow-b39aa3c1-0ad6-4e00-8ccd-b2fa8057e62b"
            ],
            "arn": "arn:aws:autoscaling:us-east-1:364145033736:scalingPolicy:1f29e0ed-9c45-46a8-86f2-194ebbe7fec3:resource/dynamodb/table/cloudresume_views_ddb:policyName/DynamoDBReadCapacityUtilization:table/cloudresume_views_ddb",
            "id": "DynamoDBReadCapacityUtilization:table/cloudresume_views_ddb",
            "name": "DynamoDBReadCapacityUtilization:table/cloudresume_views_ddb",
            "policy_type": "TargetTrackingScaling",
            "resource_id": "table/cloudresume_views_ddb",
            "scalable_dimension": "dynamodb:table:ReadCapacityUnits",
            "service_namespace": "dynamodb",
            "step_scaling_policy_configuration": [],
            "target_tracking_scaling_policy_configuration": [
              {
                "customized_metric_specification": [],
                "disable_scale_in": false,
                "predefined_metric_specification": [
                  {
                    "predefined_metric_type": "DynamoDBReadCapacityUtilization",
                    "resource_label": ""
                  }
                ],
                "scale_in_cooldown": 0,
                "scale_out_cooldown": 0,
                "target_value": 70
              }
            ]
          },
          "sensitive_attributes": [],
          "private": "bnVsbA==",
          "dependencies": [
            "aws_appautoscaling_target.cloudresume_views_ddb_read_target"
          ]
        }
      ]
    },
    {
      "mode": "managed",
      "type": "aws_appautoscaling_policy",
      "name": "cloudresume_views_ddb_write_policy",
      "provider": "provider[\"registry.terraform.io/hashicorp/aws\"]",
      "instances": [
        {
          "schema_version": 0,
          "attributes": {
            "alarm_arns": [
              "arn:aws:cloudwatch:us-east-1:364145033736:alarm:TargetTracking-table/cloudresume_views_ddb-AlarmHigh-239b2917-bda6-454f-8995-704e8fe48fb5",
              "arn:aws:cloudwatch:us-east-1:364145033736:alarm:TargetTracking-table/cloudresume_views_ddb-AlarmLow-89de3b23-19b1-4b2e-b4b2-bbf62662b58d",
              "arn:aws:cloudwatch:us-east-1:364145033736:alarm:TargetTracking-table/cloudresume_views_ddb-ProvisionedCapacityHigh-5674ba06-b04a-4ae6-9a74-4cc57e0ad343",
              "arn:aws:cloudwatch:us-east-1:364145033736:alarm:TargetTracking-table/cloudresume_views_ddb-ProvisionedCapacityLow-e73ba9fa-4b14-437c-b18b-5469784c52e5"
            ],
            "arn": "arn:aws:autoscaling:us-east-1:364145033736:scalingPolicy:2143394a-5e9d-4bbc-984e-571fdf44c7e9:resource/dynamodb/table/cloudresume_views_ddb:policyName/DynamoDBReadCapacityUtilization:table/cloudresume_views_ddb",
            "id": "DynamoDBReadCapacityUtilization:table/cloudresume_views_ddb",
            "name": "DynamoDBReadCapacityUtilization:table/cloudresume_views_ddb",
            "policy_type": "TargetTrackingScaling",
            "resource_id": "table/cloudresume_views_ddb",
            "scalable_dimension": "dynamodb:table:WriteCapacityUnits",
            "service_namespace": "dynamodb",
            "step_scaling_policy_configuration": [],
            "target_tracking_scaling_policy_configuration": [
              {
                "customized_metric_specification": [],
                "disable_scale_in": false,
                "predefined_metric_specification": [
                  {
                    "predefined_metric_type": "DynamoDBWriteCapacityUtilization",
                    "resource_label": ""
                  }
                ],
                "scale_in_cooldown": 0,
                "scale_out_cooldown": 0,
                "target_value": 70
              }
            ]
          },
          "sensitive_attributes": [],
          "private": "bnVsbA==",
          "dependencies": [
            "aws_appautoscaling_target.cloudresume_views_ddb_write_target"
          ]
        }
      ]
    },
    {
      "mode": "managed",
      "type": "aws_appautoscaling_target",
      "name": "cloudresume_views_ddb_read_target",
      "provider": "provider[\"registry.terraform.io/hashicorp/aws\"]",
      "instances": [
        {
          "schema_version": 0,
          "attributes": {
            "arn": "arn:aws:application-autoscaling:us-east-1:364145033736:scalable-target/0d261f29e0ed9c4546a886f2194ebbe7fec3",
            "id": "table/cloudresume_views_ddb",
            "max_capacity": 10,
            "min_capacity": 1,
            "resource_id": "table/cloudresume_views_ddb",
            "role_arn": "arn:aws:iam::364145033736:role/aws-service-role/dynamodb.application-autoscaling.amazonaws.com/AWSServiceRoleForApplicationAutoScaling_DynamoDBTable",
            "scalable_dimension": "dynamodb:table:ReadCapacityUnits",
            "service_namespace": "dynamodb",
            "tags": {},
            "tags_all": {}
          },
          "sensitive_attributes": [],
          "private": "bnVsbA=="
        }
      ]
    },
    {
      "mode": "managed",
      "type": "aws_appautoscaling_target",
      "name": "cloudresume_views_ddb_write_target",
      "provider": "provider[\"registry.terraform.io/hashicorp/aws\"]",
      "instances": [
        {
          "schema_version": 0,
          "attributes": {
            "arn": "arn:aws:application-autoscaling:us-east-1:364145033736:scalable-target/0d262143394a5e9d4bbc984e571fdf44c7e9",
            "id": "table/cloudresume_views_ddb",
            "max_capacity": 10,
            "min_capacity": 1,
            "resource_id": "table/cloudresume_views_ddb",
            "role_arn": "arn:aws:iam::364145033736:role/aws-service-role/dynamodb.application-autoscaling.amazonaws.com/AWSServiceRoleForApplicationAutoScaling_DynamoDBTable",
            "scalable_dimension": "dynamodb:table:WriteCapacityUnits",
            "service_namespace": "dynamodb",
            "tags": {},
            "tags_all": {}
          },
          "sensitive_attributes": [],
          "private": "bnVsbA=="
        }
      ]
    },
    {
      "mode": "managed",
      "type": "aws_dynamodb_table",
      "name": "cloudresume_views_ddb",
      "provider": "provider[\"registry.terraform.io/hashicorp/aws\"]",
      "instances": [
        {
          "schema_version": 1,
          "attributes": {
            "arn": "arn:aws:dynamodb:us-east-1:364145033736:table/cloudresume_views_ddb",
            "attribute": [
              {
                "name": "id",
                "type": "S"
              }
            ],
            "billing_mode": "PROVISIONED",
            "deletion_protection_enabled": false,
            "global_secondary_index": [],
            "hash_key": "id",
            "id": "cloudresume_views_ddb",
            "import_table": [],
            "local_secondary_index": [],
            "name": "cloudresume_views_ddb",
            "point_in_time_recovery": [
              {
                "enabled": false
              }
            ],
            "range_key": null,
            "read_capacity": 1,
            "replica": [],
            "restore_date_time": null,
            "restore_source_name": null,
            "restore_to_latest_time": null,
            "server_side_encryption": [],
            "stream_arn": "",
            "stream_enabled": false,
            "stream_label": "",
            "stream_view_type": "",
            "table_class": "STANDARD",
            "tags": {
              "Name": "Cloud Resume Challenge"
            },
            "tags_all": {
              "Name": "Cloud Resume Challenge"
            },
            "timeouts": null,
            "ttl": [
              {
                "attribute_name": "",
                "enabled": false
              }
            ],
            "write_capacity": 1
          },
          "sensitive_attributes": [],
          "private": "eyJlMmJmYjczMC1lY2FhLTExZTYtOGY4OC0zNDM2M2JjN2M0YzAiOnsiY3JlYXRlIjoxODAwMDAwMDAwMDAwLCJkZWxldGUiOjYwMDAwMDAwMDAwMCwidXBkYXRlIjozNjAwMDAwMDAwMDAwfSwic2NoZW1hX3ZlcnNpb24iOiIxIn0="
        }
      ]
    },
    {
      "mode": "managed",
      "type": "aws_dynamodb_table_item",
      "name": "cloudresume_views_ddb",
      "provider": "provider[\"registry.terraform.io/hashicorp/aws\"]",
      "instances": [
        {
          "schema_version": 0,
          "attributes": {
            "hash_key": "id",
            "id": "cloudresume_views_ddb|id||0|",
            "item": "{\n  \"id\": {\"S\": \"0\"},\n  \"views\": {\"N\": \"1\"}\n}\n",
            "range_key": null,
            "table_name": "cloudresume_views_ddb"
          },
          "sensitive_attributes": [],
          "private": "bnVsbA==",
          "dependencies": [
            "aws_dynamodb_table.cloudresume_views_ddb"
          ]
        }
      ]
    },
    {
      "mode": "managed",
      "type": "aws_iam_policy",
      "name": "iam_policy_for_resume_challenge_policy",
      "provider": "provider[\"registry.terraform.io/hashicorp/aws\"]",
      "instances": [
        {
          "schema_version": 0,
          "attributes": {
            "arn": "arn:aws:iam::364145033736:policy/aws_iam_policy_for_resume_challenge_policy",
            "description": "AWS IAM Policy for managing the resume challenge role",
            "id": "arn:aws:iam::364145033736:policy/aws_iam_policy_for_resume_challenge_policy",
            "name": "aws_iam_policy_for_resume_challenge_policy",
            "name_prefix": "",
            "path": "/",
            "policy": "{\"Statement\":[{\"Action\":[\"logs:CreateLogGroup\",\"logs:CreateLogStream\",\"logs:PutLogEvents\"],\"Effect\":\"Allow\",\"Resource\":\"arn:aws:logs:*:*:*\"},{\"Action\":[\"dynamodb:UpdateItem\",\"dynamodb:GetItem\",\"dynamodb:PutItem\"],\"Effect\":\"Allow\",\"Resource\":\"arn:aws:dynamodb:*:*:table/cloudresume_views_ddb\"}],\"Version\":\"2012-10-17\"}",
            "policy_id": "ANPAVJSF4IIENSAYJDUZ2",
            "tags": {},
            "tags_all": {}
          },
          "sensitive_attributes": [],
          "private": "bnVsbA=="
        }
      ]
    },
    {
      "mode": "managed",
      "type": "aws_iam_role",
      "name": "iam_for_aws_lambda",
      "provider": "provider[\"registry.terraform.io/hashicorp/aws\"]",
      "instances": [
        {
          "schema_version": 0,
          "attributes": {
            "arn": "arn:aws:iam::364145033736:role/iam_for_aws_lambda",
            "assume_role_policy": "{\"Statement\":[{\"Action\":\"sts:AssumeRole\",\"Effect\":\"Allow\",\"Principal\":{\"Service\":\"lambda.amazonaws.com\"},\"Sid\":\"\"}],\"Version\":\"2012-10-17\"}",
            "create_date": "2024-03-05T23:18:24Z",
            "description": "",
            "force_detach_policies": false,
            "id": "iam_for_aws_lambda",
            "inline_policy": [],
            "managed_policy_arns": [
              "arn:aws:iam::364145033736:policy/aws_iam_policy_for_resume_challenge_policy"
            ],
            "max_session_duration": 3600,
            "name": "iam_for_aws_lambda",
            "name_prefix": "",
            "path": "/",
            "permissions_boundary": "",
            "tags": {},
            "tags_all": {},
            "unique_id": "AROAVJSF4IIEICYDWFA3M"
          },
          "sensitive_attributes": [],
          "private": "bnVsbA=="
        }
      ]
    },
    {
      "mode": "managed",
      "type": "aws_iam_role_policy_attachment",
      "name": "attach_iam_policy_to_iam_role",
      "provider": "provider[\"registry.terraform.io/hashicorp/aws\"]",
      "instances": [
        {
          "schema_version": 0,
          "attributes": {
            "id": "iam_for_aws_lambda-20240305231825016000000001",
            "policy_arn": "arn:aws:iam::364145033736:policy/aws_iam_policy_for_resume_challenge_policy",
            "role": "iam_for_aws_lambda"
          },
          "sensitive_attributes": [],
          "private": "bnVsbA==",
          "dependencies": [
            "aws_iam_policy.iam_policy_for_resume_challenge_policy",
            "aws_iam_role.iam_for_aws_lambda"
          ]
        }
      ]
    },
    {
      "mode": "managed",
      "type": "aws_lambda_function",
      "name": "myfunc",
      "provider": "provider[\"registry.terraform.io/hashicorp/aws\"]",
      "instances": [
        {
          "schema_version": 0,
          "attributes": {
            "architectures": [
              "x86_64"
            ],
            "arn": "arn:aws:lambda:us-east-1:364145033736:function:myfunc",
            "code_signing_config_arn": "",
            "dead_letter_config": [],
            "description": "",
            "environment": [],
            "ephemeral_storage": [
              {
                "size": 512
              }
            ],
            "file_system_config": [],
            "filename": "./lambda/packedlambda.zip",
            "function_name": "myfunc",
            "handler": "func.lambda_handler",
            "id": "myfunc",
            "image_config": [],
            "image_uri": "",
            "invoke_arn": "arn:aws:apigateway:us-east-1:lambda:path/2015-03-31/functions/arn:aws:lambda:us-east-1:364145033736:function:myfunc/invocations",
            "kms_key_arn": "",
            "last_modified": "2024-03-05T23:18:38.972+0000",
            "layers": [],
            "logging_config": [
              {
                "application_log_level": "",
                "log_format": "Text",
                "log_group": "/aws/lambda/myfunc",
                "system_log_level": ""
              }
            ],
            "memory_size": 128,
            "package_type": "Zip",
            "publish": false,
            "qualified_arn": "arn:aws:lambda:us-east-1:364145033736:function:myfunc:$LATEST",
            "qualified_invoke_arn": "arn:aws:apigateway:us-east-1:lambda:path/2015-03-31/functions/arn:aws:lambda:us-east-1:364145033736:function:myfunc:$LATEST/invocations",
            "replace_security_groups_on_destroy": null,
            "replacement_security_group_ids": null,
            "reserved_concurrent_executions": -1,
            "role": "arn:aws:iam::364145033736:role/iam_for_aws_lambda",
            "runtime": "python3.8",
            "s3_bucket": null,
            "s3_key": null,
            "s3_object_version": null,
            "signing_job_arn": "",
            "signing_profile_version_arn": "",
            "skip_destroy": false,
            "snap_start": [],
            "source_code_hash": "B7MdAjsp4NUXQ9m42k5n4iSqvIa7LoMooAxc+J60LSg=",
            "source_code_size": 345,
            "tags": {},
            "tags_all": {},
            "timeout": 3,
            "timeouts": null,
            "tracing_config": [
              {
                "mode": "PassThrough"
              }
            ],
            "version": "$LATEST",
            "vpc_config": []
          },
          "sensitive_attributes": [],
          "private": "eyJlMmJmYjczMC1lY2FhLTExZTYtOGY4OC0zNDM2M2JjN2M0YzAiOnsiY3JlYXRlIjo2MDAwMDAwMDAwMDAsImRlbGV0ZSI6NjAwMDAwMDAwMDAwLCJ1cGRhdGUiOjYwMDAwMDAwMDAwMH19",
          "dependencies": [
            "aws_iam_role.iam_for_aws_lambda",
            "data.archive_file.zip"
          ]
        }
      ]
    },
    {
      "mode": "managed",
      "type": "aws_lambda_function_url",
      "name": "url1",
      "provider": "provider[\"registry.terraform.io/hashicorp/aws\"]",
      "instances": [
        {
          "schema_version": 0,
          "attributes": {
            "authorization_type": "NONE",
            "cors": [
              {
                "allow_credentials": true,
                "allow_headers": [
                  "date",
                  "keep-alive"
                ],
                "allow_methods": [
                  "POST"
                ],
                "allow_origins": [
                  "https://ranikaresume.com"
                ],
                "expose_headers": [
                  "date",
                  "keep-alive"
                ],
                "max_age": 86400
              }
            ],
            "function_arn": "arn:aws:lambda:us-east-1:364145033736:function:myfunc",
            "function_name": "myfunc",
            "function_url": "https://yl6ejqfirwkzfnk7tdwhisc2fa0dmndm.lambda-url.us-east-1.on.aws/",
            "id": "myfunc",
            "invoke_mode": "BUFFERED",
            "qualifier": "",
            "timeouts": null,
            "url_id": "yl6ejqfirwkzfnk7tdwhisc2fa0dmndm"
          },
          "sensitive_attributes": [],
          "private": "eyJlMmJmYjczMC1lY2FhLTExZTYtOGY4OC0zNDM2M2JjN2M0YzAiOnsiY3JlYXRlIjo2MDAwMDAwMDAwMDB9fQ==",
          "dependencies": [
            "aws_iam_role.iam_for_aws_lambda",
            "aws_lambda_function.myfunc",
            "data.archive_file.zip"
          ]
        }
      ]
    }
  ],
  "check_results": null
}
